<?xml version="1.0" encoding="utf-8"?>
<Project ToolsVersion="4.0" xmlns="http://schemas.microsoft.com/developer/msbuild/2003">
  <ItemGroup>
    <Filter Include="Исходные файлы">
      <UniqueIdentifier>{4FC737F1-C7A5-4376-A066-2A32D752A2FF}</UniqueIdentifier>
      <Extensions>cpp;c;cc;cxx;c++;cppm;ixx;def;odl;idl;hpj;bat;asm;asmx</Extensions>
    </Filter>
    <Filter Include="Файлы заголовков">
      <UniqueIdentifier>{93995380-89BD-4b04-88EB-625FBE52EBFB}</UniqueIdentifier>
      <Extensions>h;hh;hpp;hxx;h++;hm;inl;inc;ipp;xsd</Extensions>
    </Filter>
    <Filter Include="Файлы ресурсов">
      <UniqueIdentifier>{67DA6AB6-F800-4c08-8B7A-83BB121AAD01}</UniqueIdentifier>
      <Extensions>rc;ico;cur;bmp;dlg;rc2;rct;bin;rgs;gif;jpg;jpeg;jpe;resx;tiff;tif;png;wav;mfcribbon-ms</Extensions>
    </Filter>
    <Filter Include="Исходные файлы\Related">
      <UniqueIdentifier>{55e0d5d4-ebf8-428a-a25d-63d5a4c660e9}</UniqueIdentifier>
    </Filter>
    <Filter Include="Исходные файлы\LoadGun">
      <UniqueIdentifier>{a8fb2129-8415-4fc6-9f54-ea545674c97e}</UniqueIdentifier>
    </Filter>
  </ItemGroup>
  <ItemGroup>
    <ClCompile Include="ModdingGun.cpp">
      <Filter>Исходные файлы</Filter>
    </ClCompile>
    <ClCompile Include="LoadFont.cpp">
      <Filter>Исходные файлы\Related</Filter>
    </ClCompile>
    <ClCompile Include="SearchFile.cpp">
      <Filter>Исходные файлы\Related</Filter>
    </ClCompile>
    <ClCompile Include="GetCurrentTimeMG.cpp">
      <Filter>Исходные файлы\Related</Filter>
    </ClCompile>
    <ClCompile Include="OutputMessage.cpp">
      <Filter>Исходные файлы\Related</Filter>
    </ClCompile>
    <ClCompile Include="LoadGun.cpp">
      <Filter>Исходные файлы\LoadGun</Filter>
    </ClCompile>
  </ItemGroup>
  <ItemGroup>
    <ClInclude Include="Core.h">
      <Filter>Файлы заголовков</Filter>
    </ClInclude>
    <ClInclude Include="ModdingGun.h">
      <Filter>Файлы заголовков</Filter>
    </ClInclude>
    <ClInclude Include="Define.h">
      <Filter>Файлы заголовков</Filter>
    </ClInclude>
  </ItemGroup>
</Project>